
Microsoft Visual Studio Solution File, Format Version 12.00
# Visual Studio 2013
VisualStudioVersion = 12.0.30501.0
MinimumVisualStudioVersion = 10.0.40219.1
Project("{FAE04EC0-301F-11D3-BF4B-00C04F79EFBC}") = "NeoTests", "NeoTests\NeoTests.csproj", "{426A7D5B-ADBA-4F88-8F40-9365B476FAF8}"
EndProject
Project("{FAE04EC0-301F-11D3-BF4B-00C04F79EFBC}") = "TestModel", "TestModel\TestModel.csproj", "{C19CC0FB-0875-4E09-8C99-9650ED42FE62}"
EndProject
Global
	GlobalSection(SolutionConfigurationPlatforms) = preSolution
		Debug|Any CPU = Debug|Any CPU
		Release|Any CPU = Release|Any CPU
	EndGlobalSection
	GlobalSection(ProjectConfigurationPlatforms) = postSolution
		{426A7D5B-ADBA-4F88-8F40-9365B476FAF8}.Debug|Any CPU.ActiveCfg = Debug|Any CPU
		{426A7D5B-ADBA-4F88-8F40-9365B476FAF8}.Debug|Any CPU.Build.0 = Debug|Any CPU
		{426A7D5B-ADBA-4F88-8F40-9365B476FAF8}.Release|Any CPU.ActiveCfg = Release|Any CPU
		{426A7D5B-ADBA-4F88-8F40-9365B476FAF8}.Release|Any CPU.Build.0 = Release|Any CPU
		{C19CC0FB-0875-4E09-8C99-9650ED42FE62}.Debug|Any CPU.ActiveCfg = Debug|Any CPU
		{C19CC0FB-0875-4E09-8C99-9650ED42FE62}.Debug|Any CPU.Build.0 = Debug|Any CPU
		{C19CC0FB-0875-4E09-8C99-9650ED42FE62}.Release|Any CPU.ActiveCfg = Release|Any CPU
		{C19CC0FB-0875-4E09-8C99-9650ED42FE62}.Release|Any CPU.Build.0 = Release|Any CPU
	EndGlobalSection
	GlobalSection(SolutionProperties) = preSolution
		HideSolutionNode = FALSE
	EndGlobalSection
EndGlobal
